// !$*UTF8*$!
{
	archiveVersion = 1;
	classes = {
	};
	objectVersion = 52;
	objects = {

/* Begin PBXBuildFile section */
		D81F314A264490EB00B27F0A /* AppDelegate.swift in Sources */ = {isa = PBXBuildFile; fileRef = D81F3149264490EB00B27F0A /* AppDelegate.swift */; };
		D81F314C264490EB00B27F0A /* SceneDelegate.swift in Sources */ = {isa = PBXBuildFile; fileRef = D81F314B264490EB00B27F0A /* SceneDelegate.swift */; };
		D81F314E264490EB00B27F0A /* ViewController.swift in Sources */ = {isa = PBXBuildFile; fileRef = D81F314D264490EB00B27F0A /* ViewController.swift */; };
		D81F3151264490EB00B27F0A /* Main.storyboard in Resources */ = {isa = PBXBuildFile; fileRef = D81F314F264490EB00B27F0A /* Main.storyboard */; };
		D81F3153264490EF00B27F0A /* Assets.xcassets in Resources */ = {isa = PBXBuildFile; fileRef = D81F3152264490EF00B27F0A /* Assets.xcassets */; };
		D81F3156264490EF00B27F0A /* LaunchScreen.storyboard in Resources */ = {isa = PBXBuildFile; fileRef = D81F3154264490EF00B27F0A /* LaunchScreen.storyboard */; };
		D81F3161264491A000B27F0A /* BrotherB in Frameworks */ = {isa = PBXBuildFile; productRef = D81F3160264491A000B27F0A /* BrotherB */; };
		D81F3163264491A000B27F0A /* BrotherBSwift in Frameworks */ = {isa = PBXBuildFile; productRef = D81F3162264491A000B27F0A /* BrotherBSwift */; };
		D81F31682644927F00B27F0A /* SelectPrinterVC.swift in Sources */ = {isa = PBXBuildFile; fileRef = D81F31672644927F00B27F0A /* SelectPrinterVC.swift */; };
		D81F316A2644A42C00B27F0A /* ToDoView.xib in Resources */ = {isa = PBXBuildFile; fileRef = D81F31692644A42C00B27F0A /* ToDoView.xib */; };
/* End PBXBuildFile section */

/* Begin PBXFileReference section */
		D81F3146264490EB00B27F0A /* To-B-Do.app */ = {isa = PBXFileReference; explicitFileType = wrapper.application; includeInIndex = 0; path = "To-B-Do.app"; sourceTree = BUILT_PRODUCTS_DIR; };
		D81F3149264490EB00B27F0A /* AppDelegate.swift */ = {isa = PBXFileReference; lastKnownFileType = sourcecode.swift; path = AppDelegate.swift; sourceTree = "<group>"; };
		D81F314B264490EB00B27F0A /* SceneDelegate.swift */ = {isa = PBXFileReference; lastKnownFileType = sourcecode.swift; path = SceneDelegate.swift; sourceTree = "<group>"; };
		D81F314D264490EB00B27F0A /* ViewController.swift */ = {isa = PBXFileReference; lastKnownFileType = sourcecode.swift; path = ViewController.swift; sourceTree = "<group>"; };
		D81F3150264490EB00B27F0A /* Base */ = {isa = PBXFileReference; lastKnownFileType = file.storyboard; name = Base; path = Base.lproj/Main.storyboard; sourceTree = "<group>"; };
		D81F3152264490EF00B27F0A /* Assets.xcassets */ = {isa = PBXFileReference; lastKnownFileType = folder.assetcatalog; path = Assets.xcassets; sourceTree = "<group>"; };
		D81F3155264490EF00B27F0A /* Base */ = {isa = PBXFileReference; lastKnownFileType = file.storyboard; name = Base; path = Base.lproj/LaunchScreen.storyboard; sourceTree = "<group>"; };
		D81F3157264490EF00B27F0A /* Info.plist */ = {isa = PBXFileReference; lastKnownFileType = text.plist.xml; path = Info.plist; sourceTree = "<group>"; };
		D81F315D2644918C00B27F0A /* BrotherBSwift */ = {isa = PBXFileReference; lastKnownFileType = folder; name = BrotherBSwift; path = ../../../BrotherSP/BrotherBSwift; sourceTree = "<group>"; };
		D81F315E2644918D00B27F0A /* BrotherB */ = {isa = PBXFileReference; lastKnownFileType = folder; name = BrotherB; path = ../../../BrotherSP/BrotherB; sourceTree = "<group>"; };
		D81F3164264491B600B27F0A /* To-B-Do-Bridging-Header.h */ = {isa = PBXFileReference; lastKnownFileType = sourcecode.c.h; path = "To-B-Do-Bridging-Header.h"; sourceTree = "<group>"; };
		D81F31672644927F00B27F0A /* SelectPrinterVC.swift */ = {isa = PBXFileReference; fileEncoding = 4; lastKnownFileType = sourcecode.swift; path = SelectPrinterVC.swift; sourceTree = "<group>"; };
		D81F31692644A42C00B27F0A /* ToDoView.xib */ = {isa = PBXFileReference; lastKnownFileType = file.xib; path = ToDoView.xib; sourceTree = "<group>"; };
/* End PBXFileReference section */

/* Begin PBXFrameworksBuildPhase section */
		D81F3143264490EB00B27F0A /* Frameworks */ = {
			isa = PBXFrameworksBuildPhase;
			buildActionMask = 2147483647;
			files = (
				D81F3163264491A000B27F0A /* BrotherBSwift in Frameworks */,
				D81F3161264491A000B27F0A /* BrotherB in Frameworks */,
			);
			runOnlyForDeploymentPostprocessing = 0;
		};
/* End PBXFrameworksBuildPhase section */

/* Begin PBXGroup section */
		D81F313D264490EB00B27F0A = {
			isa = PBXGroup;
			children = (
				D81F315E2644918D00B27F0A /* BrotherB */,
				D81F315D2644918C00B27F0A /* BrotherBSwift */,
				D81F3148264490EB00B27F0A /* To-B-Do */,
				D81F3147264490EB00B27F0A /* Products */,
				D81F315F264491A000B27F0A /* Frameworks */,
			);
			sourceTree = "<group>";
		};
		D81F3147264490EB00B27F0A /* Products */ = {
			isa = PBXGroup;
			children = (
				D81F3146264490EB00B27F0A /* To-B-Do.app */,
			);
			name = Products;
			sourceTree = "<group>";
		};
		D81F3148264490EB00B27F0A /* To-B-Do */ = {
			isa = PBXGroup;
			children = (
				D81F3149264490EB00B27F0A /* AppDelegate.swift */,
				D81F314B264490EB00B27F0A /* SceneDelegate.swift */,
				D81F314D264490EB00B27F0A /* ViewController.swift */,
				D81F31672644927F00B27F0A /* SelectPrinterVC.swift */,
				D81F31692644A42C00B27F0A /* ToDoView.xib */,
				D81F314F264490EB00B27F0A /* Main.storyboard */,
				D81F3152264490EF00B27F0A /* Assets.xcassets */,
				D81F3154264490EF00B27F0A /* LaunchScreen.storyboard */,
				D81F3157264490EF00B27F0A /* Info.plist */,
				D81F3164264491B600B27F0A /* To-B-Do-Bridging-Header.h */,
			);
			path = "To-B-Do";
			sourceTree = "<group>";
		};
		D81F315F264491A000B27F0A /* Frameworks */ = {
			isa = PBXGroup;
			children = (
			);
			name = Frameworks;
			sourceTree = "<group>";
		};
/* End PBXGroup section */

/* Begin PBXNativeTarget section */
		D81F3145264490EB00B27F0A /* To-B-Do */ = {
			isa = PBXNativeTarget;
			buildConfigurationList = D81F315A264490EF00B27F0A /* Build configuration list for PBXNativeTarget "To-B-Do" */;
			buildPhases = (
				D81F3142264490EB00B27F0A /* Sources */,
				D81F3143264490EB00B27F0A /* Frameworks */,
				D81F3144264490EB00B27F0A /* Resources */,
			);
			buildRules = (
			);
			dependencies = (
			);
			name = "To-B-Do";
			packageProductDependencies = (
				D81F3160264491A000B27F0A /* BrotherB */,
				D81F3162264491A000B27F0A /* BrotherBSwift */,
			);
			productName = "To-B-Do";
			productReference = D81F3146264490EB00B27F0A /* To-B-Do.app */;
			productType = "com.apple.product-type.application";
		};
/* End PBXNativeTarget section */

/* Begin PBXProject section */
		D81F313E264490EB00B27F0A /* Project object */ = {
			isa = PBXProject;
			attributes = {
				LastSwiftUpdateCheck = 1250;
				LastUpgradeCheck = 1250;
				TargetAttributes = {
					D81F3145264490EB00B27F0A = {
						CreatedOnToolsVersion = 12.5;
						LastSwiftMigration = 1250;
					};
				};
			};
			buildConfigurationList = D81F3141264490EB00B27F0A /* Build configuration list for PBXProject "To-B-Do" */;
			compatibilityVersion = "Xcode 9.3";
			developmentRegion = en;
			hasScannedForEncodings = 0;
			knownRegions = (
				en,
				Base,
			);
			mainGroup = D81F313D264490EB00B27F0A;
			productRefGroup = D81F3147264490EB00B27F0A /* Products */;
			projectDirPath = "";
			projectRoot = "";
			targets = (
				D81F3145264490EB00B27F0A /* To-B-Do */,
			);
		};
/* End PBXProject section */

/* Begin PBXResourcesBuildPhase section */
		D81F3144264490EB00B27F0A /* Resources */ = {
			isa = PBXResourcesBuildPhase;
			buildActionMask = 2147483647;
			files = (
				D81F3156264490EF00B27F0A /* LaunchScreen.storyboard in Resources */,
				D81F3153264490EF00B27F0A /* Assets.xcassets in Resources */,
				D81F316A2644A42C00B27F0A /* ToDoView.xib in Resources */,
				D81F3151264490EB00B27F0A /* Main.storyboard in Resources */,
			);
			runOnlyForDeploymentPostprocessing = 0;
		};
/* End PBXResourcesBuildPhase section */

/* Begin PBXSourcesBuildPhase section */
		D81F3142264490EB00B27F0A /* Sources */ = {
			isa = PBXSourcesBuildPhase;
			buildActionMask = 2147483647;
			files = (
				D81F314E264490EB00B27F0A /* ViewController.swift in Sources */,
				D81F31682644927F00B27F0A /* SelectPrinterVC.swift in Sources */,
				D81F314A264490EB00B27F0A /* AppDelegate.swift in Sources */,
				D81F314C264490EB00B27F0A /* SceneDelegate.swift in Sources */,
			);
			runOnlyForDeploymentPostprocessing = 0;
		};
/* End PBXSourcesBuildPhase section */

/* Begin PBXVariantGroup section */
		D81F314F264490EB00B27F0A /* Main.storyboard */ = {
			isa = PBXVariantGroup;
			children = (
				D81F3150264490EB00B27F0A /* Base */,
			);
			name = Main.storyboard;
			sourceTree = "<group>";
		};
		D81F3154264490EF00B27F0A /* LaunchScreen.storyboard */ = {
			isa = PBXVariantGroup;
			children = (
				D81F3155264490EF00B27F0A /* Base */,
			);
			name = LaunchScreen.storyboard;
			sourceTree = "<group>";
		};
/* End PBXVariantGroup section */

/* Begin XCBuildConfiguration section */
		D81F3158264490EF00B27F0A /* Debug */ = {
			isa = XCBuildConfiguration;
			buildSettings = {
				ALWAYS_SEARCH_USER_PATHS = NO;
				CLANG_ANALYZER_NONNULL = YES;
				CLANG_ANALYZER_NUMBER_OBJECT_CONVERSION = YES_AGGRESSIVE;
				CLANG_CXX_LANGUAGE_STANDARD = "gnu++14";
				CLANG_CXX_LIBRARY = "libc++";
				CLANG_ENABLE_MODULES = YES;
				CLANG_ENABLE_OBJC_ARC = YES;
				CLANG_ENABLE_OBJC_WEAK = YES;
				CLANG_WARN_BLOCK_CAPTURE_AUTORELEASING = YES;
				CLANG_WARN_BOOL_CONVERSION = YES;
				CLANG_WARN_COMMA = YES;
				CLANG_WARN_CONSTANT_CONVERSION = YES;
				CLANG_WARN_DEPRECATED_OBJC_IMPLEMENTATIONS = YES;
				CLANG_WARN_DIRECT_OBJC_ISA_USAGE = YES_ERROR;
				CLANG_WARN_DOCUMENTATION_COMMENTS = YES;
				CLANG_WARN_EMPTY_BODY = YES;
				CLANG_WARN_ENUM_CONVERSION = YES;
				CLANG_WARN_INFINITE_RECURSION = YES;
				CLANG_WARN_INT_CONVERSION = YES;
				CLANG_WARN_NON_LITERAL_NULL_CONVERSION = YES;
				CLANG_WARN_OBJC_IMPLICIT_RETAIN_SELF = YES;
				CLANG_WARN_OBJC_LITERAL_CONVERSION = YES;
				CLANG_WARN_OBJC_ROOT_CLASS = YES_ERROR;
				CLANG_WARN_QUOTED_INCLUDE_IN_FRAMEWORK_HEADER = YES;
				CLANG_WARN_RANGE_LOOP_ANALYSIS = YES;
				CLANG_WARN_STRICT_PROTOTYPES = YES;
				CLANG_WARN_SUSPICIOUS_MOVE = YES;
				CLANG_WARN_UNGUARDED_AVAILABILITY = YES_AGGRESSIVE;
				CLANG_WARN_UNREACHABLE_CODE = YES;
				CLANG_WARN__DUPLICATE_METHOD_MATCH = YES;
				COPY_PHASE_STRIP = NO;
				DEBUG_INFORMATION_FORMAT = dwarf;
				ENABLE_STRICT_OBJC_MSGSEND = YES;
				ENABLE_TESTABILITY = YES;
				GCC_C_LANGUAGE_STANDARD = gnu11;
				GCC_DYNAMIC_NO_PIC = NO;
				GCC_NO_COMMON_BLOCKS = YES;
				GCC_OPTIMIZATION_LEVEL = 0;
				GCC_PREPROCESSOR_DEFINITIONS = (
					"DEBUG=1",
					"$(inherited)",
				);
				GCC_WARN_64_TO_32_BIT_CONVERSION = YES;
				GCC_WARN_ABOUT_RETURN_TYPE = YES_ERROR;
				GCC_WARN_UNDECLARED_SELECTOR = YES;
				GCC_WARN_UNINITIALIZED_AUTOS = YES_AGGRESSIVE;
				GCC_WARN_UNUSED_FUNCTION = YES;
				GCC_WARN_UNUSED_VARIABLE = YES;
				IPHONEOS_DEPLOYMENT_TARGET = 14.5;
				MTL_ENABLE_DEBUG_INFO = INCLUDE_SOURCE;
				MTL_FAST_MATH = YES;
				ONLY_ACTIVE_ARCH = YES;
				SDKROOT = iphoneos;
				SWIFT_ACTIVE_COMPILATION_CONDITIONS = DEBUG;
				SWIFT_OPTIMIZATION_LEVEL = "-Onone";
			};
			name = Debug;
		};
		D81F3159264490EF00B27F0A /* Release */ = {
			isa = XCBuildConfiguration;
			buildSettings = {
				ALWAYS_SEARCH_USER_PATHS = NO;
				CLANG_ANALYZER_NONNULL = YES;
				CLANG_ANALYZER_NUMBER_OBJECT_CONVERSION = YES_AGGRESSIVE;
				CLANG_CXX_LANGUAGE_STANDARD = "gnu++14";
				CLANG_CXX_LIBRARY = "libc++";
				CLANG_ENABLE_MODULES = YES;
				CLANG_ENABLE_OBJC_ARC = YES;
				CLANG_ENABLE_OBJC_WEAK = YES;
				CLANG_WARN_BLOCK_CAPTURE_AUTORELEASING = YES;
				CLANG_WARN_BOOL_CONVERSION = YES;
				CLANG_WARN_COMMA = YES;
				CLANG_WARN_CONSTANT_CONVERSION = YES;
				CLANG_WARN_DEPRECATED_OBJC_IMPLEMENTATIONS = YES;
				CLANG_WARN_DIRECT_OBJC_ISA_USAGE = YES_ERROR;
				CLANG_WARN_DOCUMENTATION_COMMENTS = YES;
				CLANG_WARN_EMPTY_BODY = YES;
				CLANG_WARN_ENUM_CONVERSION = YES;
				CLANG_WARN_INFINITE_RECURSION = YES;
				CLANG_WARN_INT_CONVERSION = YES;
				CLANG_WARN_NON_LITERAL_NULL_CONVERSION = YES;
				CLANG_WARN_OBJC_IMPLICIT_RETAIN_SELF = YES;
				CLANG_WARN_OBJC_LITERAL_CONVERSION = YES;
				CLANG_WARN_OBJC_ROOT_CLASS = YES_ERROR;
				CLANG_WARN_QUOTED_INCLUDE_IN_FRAMEWORK_HEADER = YES;
				CLANG_WARN_RANGE_LOOP_ANALYSIS = YES;
				CLANG_WARN_STRICT_PROTOTYPES = YES;
				CLANG_WARN_SUSPICIOUS_MOVE = YES;
				CLANG_WARN_UNGUARDED_AVAILABILITY = YES_AGGRESSIVE;
				CLANG_WARN_UNREACHABLE_CODE = YES;
				CLANG_WARN__DUPLICATE_METHOD_MATCH = YES;
				COPY_PHASE_STRIP = NO;
				DEBUG_INFORMATION_FORMAT = "dwarf-with-dsym";
				ENABLE_NS_ASSERTIONS = NO;
				ENABLE_STRICT_OBJC_MSGSEND = YES;
				GCC_C_LANGUAGE_STANDARD = gnu11;
				GCC_NO_COMMON_BLOCKS = YES;
				GCC_WARN_64_TO_32_BIT_CONVERSION = YES;
				GCC_WARN_ABOUT_RETURN_TYPE = YES_ERROR;
				GCC_WARN_UNDECLARED_SELECTOR = YES;
				GCC_WARN_UNINITIALIZED_AUTOS = YES_AGGRESSIVE;
				GCC_WARN_UNUSED_FUNCTION = YES;
				GCC_WARN_UNUSED_VARIABLE = YES;
				IPHONEOS_DEPLOYMENT_TARGET = 14.5;
				MTL_ENABLE_DEBUG_INFO = NO;
				MTL_FAST_MATH = YES;
				SDKROOT = iphoneos;
				SWIFT_COMPILATION_MODE = wholemodule;
				SWIFT_OPTIMIZATION_LEVEL = "-O";
				VALIDATE_PRODUCT = YES;
			};
			name = Release;
		};
		D81F315B264490EF00B27F0A /* Debug */ = {
			isa = XCBuildConfiguration;
			buildSettings = {
				ASSETCATALOG_COMPILER_APPICON_NAME = AppIcon;
				ASSETCATALOG_COMPILER_GLOBAL_ACCENT_COLOR_NAME = AccentColor;
				CLANG_ENABLE_MODULES = YES;
				CODE_SIGN_STYLE = Automatic;
				DEVELOPMENT_TEAM = 2BY2NMR4CA;
				INFOPLIST_FILE = "To-B-Do/Info.plist";
				LD_RUNPATH_SEARCH_PATHS = (
					"$(inherited)",
					"@executable_path/Frameworks",
				);
				PRODUCT_BUNDLE_IDENTIFIER = "com.epage.To-B-Do";
				PRODUCT_NAME = "$(TARGET_NAME)";
				SWIFT_OBJC_BRIDGING_HEADER = "To-B-Do/To-B-Do-Bridging-Header.h";
				SWIFT_OPTIMIZATION_LEVEL = "-Onone";
				SWIFT_VERSION = 5.0;
				TARGETED_DEVICE_FAMILY = 1;
			};
			name = Debug;
		};
		D81F315C264490EF00B27F0A /* Release */ = {
			isa = XCBuildConfiguration;
			buildSettings = {
				ASSETCATALOG_COMPILER_APPICON_NAME = AppIcon;
				ASSETCATALOG_COMPILER_GLOBAL_ACCENT_COLOR_NAME = AccentColor;
				CLANG_ENABLE_MODULES = YES;
				CODE_SIGN_STYLE = Automatic;
				DEVELOPMENT_TEAM = 2BY2NMR4CA;
				INFOPLIST_FILE = "To-B-Do/Info.plist";
				LD_RUNPATH_SEARCH_PATHS = (
					"$(inherited)",
					"@executable_path/Frameworks",
				);
				PRODUCT_BUNDLE_IDENTIFIER = "com.epage.To-B-Do";
				PRODUCT_NAME = "$(TARGET_NAME)";
				SWIFT_OBJC_BRIDGING_HEADER = "To-B-Do/To-B-Do-Bridging-Header.h";
				SWIFT_VERSION = 5.0;
				TARGETED_DEVICE_FAMILY = 1;
			};
			name = Release;
		};
/* End XCBuildConfiguration section */

/* Begin XCConfigurationList section */
		D81F3141264490EB00B27F0A /* Build configuration list for PBXProject "To-B-Do" */ = {
			isa = XCConfigurationList;
			buildConfigurations = (
				D81F3158264490EF00B27F0A /* Debug */,
				D81F3159264490EF00B27F0A /* Release */,
			);
			defaultConfigurationIsVisible = 0;
			defaultConfigurationName = Release;
		};
		D81F315A264490EF00B27F0A /* Build configuration list for PBXNativeTarget "To-B-Do" */ = {
			isa = XCConfigurationList;
			buildConfigurations = (
				D81F315B264490EF00B27F0A /* Debug */,
				D81F315C264490EF00B27F0A /* Release */,
			);
			defaultConfigurationIsVisible = 0;
			defaultConfigurationName = Release;
		};
/* End XCConfigurationList section */

/* Begin XCSwiftPackageProductDependency section */
		D81F3160264491A000B27F0A /* BrotherB */ = {
			isa = XCSwiftPackageProductDependency;
			productName = BrotherB;
		};
		D81F3162264491A000B27F0A /* BrotherBSwift */ = {
			isa = XCSwiftPackageProductDependency;
			productName = BrotherBSwift;
		};
/* End XCSwiftPackageProductDependency section */
	};
	rootObject = D81F313E264490EB00B27F0A /* Project object */;
}
